
Microsoft Visual Studio Solution File, Format Version 12.00
# Visual Studio Version 17
VisualStudioVersion = 17.9.34728.123
MinimumVisualStudioVersion = 10.0.40219.1
Project("{9A19103F-16F7-4668-BE54-9A1E7A4F7556}") = "UI", "ProntuarioXpress\UI.csproj", "{F8329BB4-F78C-4A83-8251-AD25849E7353}"
	ProjectSection(ProjectDependencies) = postProject
		{A59635C6-C2AF-41F0-8A6C-F56630EAC2A7} = {A59635C6-C2AF-41F0-8A6C-F56630EAC2A7}
	EndProjectSection
EndProject
Project("{9A19103F-16F7-4668-BE54-9A1E7A4F7556}") = "Core", "Core\Core.csproj", "{AC034CEE-1DB2-4AFC-94DA-286510E4F75A}"
EndProject
Project("{9A19103F-16F7-4668-BE54-9A1E7A4F7556}") = "Application", "Application\Application.csproj", "{F48F9D66-93EC-44D6-9C50-E1847CB569F0}"
EndProject
Project("{9A19103F-16F7-4668-BE54-9A1E7A4F7556}") = "Persistence", "Persistence\Persistence.csproj", "{A59635C6-C2AF-41F0-8A6C-F56630EAC2A7}"
	ProjectSection(ProjectDependencies) = postProject
		{F48F9D66-93EC-44D6-9C50-E1847CB569F0} = {F48F9D66-93EC-44D6-9C50-E1847CB569F0}
	EndProjectSection
EndProject
Global
	GlobalSection(SolutionConfigurationPlatforms) = preSolution
		Debug|Any CPU = Debug|Any CPU
		Release|Any CPU = Release|Any CPU
	EndGlobalSection
	GlobalSection(ProjectConfigurationPlatforms) = postSolution
		{F8329BB4-F78C-4A83-8251-AD25849E7353}.Debug|Any CPU.ActiveCfg = Debug|Any CPU
		{F8329BB4-F78C-4A83-8251-AD25849E7353}.Debug|Any CPU.Build.0 = Debug|Any CPU
		{F8329BB4-F78C-4A83-8251-AD25849E7353}.Release|Any CPU.ActiveCfg = Release|Any CPU
		{F8329BB4-F78C-4A83-8251-AD25849E7353}.Release|Any CPU.Build.0 = Release|Any CPU
		{AC034CEE-1DB2-4AFC-94DA-286510E4F75A}.Debug|Any CPU.ActiveCfg = Debug|Any CPU
		{AC034CEE-1DB2-4AFC-94DA-286510E4F75A}.Debug|Any CPU.Build.0 = Debug|Any CPU
		{AC034CEE-1DB2-4AFC-94DA-286510E4F75A}.Release|Any CPU.ActiveCfg = Release|Any CPU
		{AC034CEE-1DB2-4AFC-94DA-286510E4F75A}.Release|Any CPU.Build.0 = Release|Any CPU
		{F48F9D66-93EC-44D6-9C50-E1847CB569F0}.Debug|Any CPU.ActiveCfg = Debug|Any CPU
		{F48F9D66-93EC-44D6-9C50-E1847CB569F0}.Debug|Any CPU.Build.0 = Debug|Any CPU
		{F48F9D66-93EC-44D6-9C50-E1847CB569F0}.Release|Any CPU.ActiveCfg = Release|Any CPU
		{F48F9D66-93EC-44D6-9C50-E1847CB569F0}.Release|Any CPU.Build.0 = Release|Any CPU
		{A59635C6-C2AF-41F0-8A6C-F56630EAC2A7}.Debug|Any CPU.ActiveCfg = Debug|Any CPU
		{A59635C6-C2AF-41F0-8A6C-F56630EAC2A7}.Debug|Any CPU.Build.0 = Debug|Any CPU
		{A59635C6-C2AF-41F0-8A6C-F56630EAC2A7}.Release|Any CPU.ActiveCfg = Release|Any CPU
		{A59635C6-C2AF-41F0-8A6C-F56630EAC2A7}.Release|Any CPU.Build.0 = Release|Any CPU
	EndGlobalSection
	GlobalSection(SolutionProperties) = preSolution
		HideSolutionNode = FALSE
	EndGlobalSection
	GlobalSection(ExtensibilityGlobals) = postSolution
		SolutionGuid = {8BB4E882-7380-4316-8092-DAC0A596692E}
	EndGlobalSection
EndGlobal
